// !$*UTF8*$!
{
	archiveVersion = 1;
	classes = {
	};
	objectVersion = 55;
	objects = {

/* Begin PBXBuildFile section */
		C39B7DB3289933B000F29BFF /* MainView.swift in Sources */ = {isa = PBXBuildFile; fileRef = C39B7DB2289933B000F29BFF /* MainView.swift */; };
		C39B7DB528993ABA00F29BFF /* AddStartTimeButton.swift in Sources */ = {isa = PBXBuildFile; fileRef = C39B7DB428993ABA00F29BFF /* AddStartTimeButton.swift */; };
		C39B7DB928994A1900F29BFF /* TimersViewModel.swift in Sources */ = {isa = PBXBuildFile; fileRef = C39B7DB828994A1900F29BFF /* TimersViewModel.swift */; };
		C39B7DBC28995E6600F29BFF /* TimeInterval+String.swift in Sources */ = {isa = PBXBuildFile; fileRef = C39B7DBB28995E6500F29BFF /* TimeInterval+String.swift */; };
		C39B7DBE2899A0CB00F29BFF /* NotificationManager.swift in Sources */ = {isa = PBXBuildFile; fileRef = C39B7DBD2899A0CA00F29BFF /* NotificationManager.swift */; };
		C39B7DC3289A95D600F29BFF /* TimerCount.swift in Sources */ = {isa = PBXBuildFile; fileRef = C39B7DC2289A95D600F29BFF /* TimerCount.swift */; };
		C39B7DC5289ACB2A00F29BFF /* Date+TimeString.swift in Sources */ = {isa = PBXBuildFile; fileRef = C39B7DC4289ACB2A00F29BFF /* Date+TimeString.swift */; };
		C39B7DC7289AE3C700F29BFF /* TimerCountRowView.swift in Sources */ = {isa = PBXBuildFile; fileRef = C39B7DC6289AE3C600F29BFF /* TimerCountRowView.swift */; };
		C3BB2BE62897F31900E67B15 /* TimerExtraApp.swift in Sources */ = {isa = PBXBuildFile; fileRef = C3BB2BE52897F31900E67B15 /* TimerExtraApp.swift */; };
		C3BB2BEA2897F31E00E67B15 /* Assets.xcassets in Resources */ = {isa = PBXBuildFile; fileRef = C3BB2BE92897F31E00E67B15 /* Assets.xcassets */; };
		C3BB2BED2897F31E00E67B15 /* Preview Assets.xcassets in Resources */ = {isa = PBXBuildFile; fileRef = C3BB2BEC2897F31E00E67B15 /* Preview Assets.xcassets */; };
		C3BB2BF72897F31F00E67B15 /* TimerExtraTests.swift in Sources */ = {isa = PBXBuildFile; fileRef = C3BB2BF62897F31F00E67B15 /* TimerExtraTests.swift */; };
		C3BB2C012897F31F00E67B15 /* TimerExtraUITests.swift in Sources */ = {isa = PBXBuildFile; fileRef = C3BB2C002897F31F00E67B15 /* TimerExtraUITests.swift */; };
		C3BB2C032897F31F00E67B15 /* TimerExtraUITestsLaunchTests.swift in Sources */ = {isa = PBXBuildFile; fileRef = C3BB2C022897F31F00E67B15 /* TimerExtraUITestsLaunchTests.swift */; };
/* End PBXBuildFile section */

/* Begin PBXContainerItemProxy section */
		C3BB2BF32897F31F00E67B15 /* PBXContainerItemProxy */ = {
			isa = PBXContainerItemProxy;
			containerPortal = C3BB2BDA2897F31900E67B15 /* Project object */;
			proxyType = 1;
			remoteGlobalIDString = C3BB2BE12897F31900E67B15;
			remoteInfo = TimerExtra;
		};
		C3BB2BFD2897F31F00E67B15 /* PBXContainerItemProxy */ = {
			isa = PBXContainerItemProxy;
			containerPortal = C3BB2BDA2897F31900E67B15 /* Project object */;
			proxyType = 1;
			remoteGlobalIDString = C3BB2BE12897F31900E67B15;
			remoteInfo = TimerExtra;
		};
/* End PBXContainerItemProxy section */

/* Begin PBXFileReference section */
		C39B7DB2289933B000F29BFF /* MainView.swift */ = {isa = PBXFileReference; lastKnownFileType = sourcecode.swift; path = MainView.swift; sourceTree = "<group>"; };
		C39B7DB428993ABA00F29BFF /* AddStartTimeButton.swift */ = {isa = PBXFileReference; lastKnownFileType = sourcecode.swift; path = AddStartTimeButton.swift; sourceTree = "<group>"; };
		C39B7DB828994A1900F29BFF /* TimersViewModel.swift */ = {isa = PBXFileReference; lastKnownFileType = sourcecode.swift; path = TimersViewModel.swift; sourceTree = "<group>"; };
		C39B7DBA28994B0B00F29BFF /* Info.plist */ = {isa = PBXFileReference; lastKnownFileType = text.plist; path = Info.plist; sourceTree = "<group>"; };
		C39B7DBB28995E6500F29BFF /* TimeInterval+String.swift */ = {isa = PBXFileReference; lastKnownFileType = sourcecode.swift; path = "TimeInterval+String.swift"; sourceTree = "<group>"; };
		C39B7DBD2899A0CA00F29BFF /* NotificationManager.swift */ = {isa = PBXFileReference; lastKnownFileType = sourcecode.swift; path = NotificationManager.swift; sourceTree = "<group>"; };
		C39B7DC2289A95D600F29BFF /* TimerCount.swift */ = {isa = PBXFileReference; lastKnownFileType = sourcecode.swift; path = TimerCount.swift; sourceTree = "<group>"; };
		C39B7DC4289ACB2A00F29BFF /* Date+TimeString.swift */ = {isa = PBXFileReference; lastKnownFileType = sourcecode.swift; path = "Date+TimeString.swift"; sourceTree = "<group>"; };
		C39B7DC6289AE3C600F29BFF /* TimerCountRowView.swift */ = {isa = PBXFileReference; lastKnownFileType = sourcecode.swift; path = TimerCountRowView.swift; sourceTree = "<group>"; };
		C3BB2BE22897F31900E67B15 /* TimerExtra.app */ = {isa = PBXFileReference; explicitFileType = wrapper.application; includeInIndex = 0; path = TimerExtra.app; sourceTree = BUILT_PRODUCTS_DIR; };
		C3BB2BE52897F31900E67B15 /* TimerExtraApp.swift */ = {isa = PBXFileReference; lastKnownFileType = sourcecode.swift; path = TimerExtraApp.swift; sourceTree = "<group>"; };
		C3BB2BE92897F31E00E67B15 /* Assets.xcassets */ = {isa = PBXFileReference; lastKnownFileType = folder.assetcatalog; path = Assets.xcassets; sourceTree = "<group>"; };
		C3BB2BEC2897F31E00E67B15 /* Preview Assets.xcassets */ = {isa = PBXFileReference; lastKnownFileType = folder.assetcatalog; path = "Preview Assets.xcassets"; sourceTree = "<group>"; };
		C3BB2BF22897F31F00E67B15 /* TimerExtraTests.xctest */ = {isa = PBXFileReference; explicitFileType = wrapper.cfbundle; includeInIndex = 0; path = TimerExtraTests.xctest; sourceTree = BUILT_PRODUCTS_DIR; };
		C3BB2BF62897F31F00E67B15 /* TimerExtraTests.swift */ = {isa = PBXFileReference; lastKnownFileType = sourcecode.swift; path = TimerExtraTests.swift; sourceTree = "<group>"; };
		C3BB2BFC2897F31F00E67B15 /* TimerExtraUITests.xctest */ = {isa = PBXFileReference; explicitFileType = wrapper.cfbundle; includeInIndex = 0; path = TimerExtraUITests.xctest; sourceTree = BUILT_PRODUCTS_DIR; };
		C3BB2C002897F31F00E67B15 /* TimerExtraUITests.swift */ = {isa = PBXFileReference; lastKnownFileType = sourcecode.swift; path = TimerExtraUITests.swift; sourceTree = "<group>"; };
		C3BB2C022897F31F00E67B15 /* TimerExtraUITestsLaunchTests.swift */ = {isa = PBXFileReference; lastKnownFileType = sourcecode.swift; path = TimerExtraUITestsLaunchTests.swift; sourceTree = "<group>"; };
/* End PBXFileReference section */

/* Begin PBXFrameworksBuildPhase section */
		C3BB2BDF2897F31900E67B15 /* Frameworks */ = {
			isa = PBXFrameworksBuildPhase;
			buildActionMask = 2147483647;
			files = (
			);
			runOnlyForDeploymentPostprocessing = 0;
		};
		C3BB2BEF2897F31F00E67B15 /* Frameworks */ = {
			isa = PBXFrameworksBuildPhase;
			buildActionMask = 2147483647;
			files = (
			);
			runOnlyForDeploymentPostprocessing = 0;
		};
		C3BB2BF92897F31F00E67B15 /* Frameworks */ = {
			isa = PBXFrameworksBuildPhase;
			buildActionMask = 2147483647;
			files = (
			);
			runOnlyForDeploymentPostprocessing = 0;
		};
/* End PBXFrameworksBuildPhase section */

/* Begin PBXGroup section */
		C39B7DB628993C6200F29BFF /* Uilities */ = {
			isa = PBXGroup;
			children = (
				C39B7DBB28995E6500F29BFF /* TimeInterval+String.swift */,
				C39B7DC4289ACB2A00F29BFF /* Date+TimeString.swift */,
			);
			path = Uilities;
			sourceTree = "<group>";
		};
		C39B7DB7289949F800F29BFF /* ViewModel */ = {
			isa = PBXGroup;
			children = (
				C39B7DB828994A1900F29BFF /* TimersViewModel.swift */,
				C39B7DBD2899A0CA00F29BFF /* NotificationManager.swift */,
			);
			path = ViewModel;
			sourceTree = "<group>";
		};
		C39B7DC1289A943600F29BFF /* Model */ = {
			isa = PBXGroup;
			children = (
				C39B7DC2289A95D600F29BFF /* TimerCount.swift */,
			);
			path = Model;
			sourceTree = "<group>";
		};
		C3BB2BD92897F31900E67B15 = {
			isa = PBXGroup;
			children = (
				C3BB2BE42897F31900E67B15 /* TimerExtra */,
				C3BB2BF52897F31F00E67B15 /* TimerExtraTests */,
				C3BB2BFF2897F31F00E67B15 /* TimerExtraUITests */,
				C3BB2BE32897F31900E67B15 /* Products */,
			);
			sourceTree = "<group>";
		};
		C3BB2BE32897F31900E67B15 /* Products */ = {
			isa = PBXGroup;
			children = (
				C3BB2BE22897F31900E67B15 /* TimerExtra.app */,
				C3BB2BF22897F31F00E67B15 /* TimerExtraTests.xctest */,
				C3BB2BFC2897F31F00E67B15 /* TimerExtraUITests.xctest */,
			);
			name = Products;
			sourceTree = "<group>";
		};
		C3BB2BE42897F31900E67B15 /* TimerExtra */ = {
			isa = PBXGroup;
			children = (
				C3BB2BE52897F31900E67B15 /* TimerExtraApp.swift */,
				C39B7DB2289933B000F29BFF /* MainView.swift */,
				C39B7DB428993ABA00F29BFF /* AddStartTimeButton.swift */,
				C39B7DC6289AE3C600F29BFF /* TimerCountRowView.swift */,
				C39B7DB7289949F800F29BFF /* ViewModel */,
				C39B7DC1289A943600F29BFF /* Model */,
				C3BB2BE92897F31E00E67B15 /* Assets.xcassets */,
				C39B7DBA28994B0B00F29BFF /* Info.plist */,
				C39B7DB628993C6200F29BFF /* Uilities */,
				C3BB2BEB2897F31E00E67B15 /* Preview Content */,
			);
			path = TimerExtra;
			sourceTree = "<group>";
		};
		C3BB2BEB2897F31E00E67B15 /* Preview Content */ = {
			isa = PBXGroup;
			children = (
				C3BB2BEC2897F31E00E67B15 /* Preview Assets.xcassets */,
			);
			path = "Preview Content";
			sourceTree = "<group>";
		};
		C3BB2BF52897F31F00E67B15 /* TimerExtraTests */ = {
			isa = PBXGroup;
			children = (
				C3BB2BF62897F31F00E67B15 /* TimerExtraTests.swift */,
			);
			path = TimerExtraTests;
			sourceTree = "<group>";
		};
		C3BB2BFF2897F31F00E67B15 /* TimerExtraUITests */ = {
			isa = PBXGroup;
			children = (
				C3BB2C002897F31F00E67B15 /* TimerExtraUITests.swift */,
				C3BB2C022897F31F00E67B15 /* TimerExtraUITestsLaunchTests.swift */,
			);
			path = TimerExtraUITests;
			sourceTree = "<group>";
		};
/* End PBXGroup section */

/* Begin PBXNativeTarget section */
		C3BB2BE12897F31900E67B15 /* TimerExtra */ = {
			isa = PBXNativeTarget;
			buildConfigurationList = C3BB2C062897F31F00E67B15 /* Build configuration list for PBXNativeTarget "TimerExtra" */;
			buildPhases = (
				C3BB2BDE2897F31900E67B15 /* Sources */,
				C3BB2BDF2897F31900E67B15 /* Frameworks */,
				C3BB2BE02897F31900E67B15 /* Resources */,
			);
			buildRules = (
			);
			dependencies = (
			);
			name = TimerExtra;
			productName = TimerExtra;
			productReference = C3BB2BE22897F31900E67B15 /* TimerExtra.app */;
			productType = "com.apple.product-type.application";
		};
		C3BB2BF12897F31F00E67B15 /* TimerExtraTests */ = {
			isa = PBXNativeTarget;
			buildConfigurationList = C3BB2C092897F31F00E67B15 /* Build configuration list for PBXNativeTarget "TimerExtraTests" */;
			buildPhases = (
				C3BB2BEE2897F31F00E67B15 /* Sources */,
				C3BB2BEF2897F31F00E67B15 /* Frameworks */,
				C3BB2BF02897F31F00E67B15 /* Resources */,
			);
			buildRules = (
			);
			dependencies = (
				C3BB2BF42897F31F00E67B15 /* PBXTargetDependency */,
			);
			name = TimerExtraTests;
			productName = TimerExtraTests;
			productReference = C3BB2BF22897F31F00E67B15 /* TimerExtraTests.xctest */;
			productType = "com.apple.product-type.bundle.unit-test";
		};
		C3BB2BFB2897F31F00E67B15 /* TimerExtraUITests */ = {
			isa = PBXNativeTarget;
			buildConfigurationList = C3BB2C0C2897F31F00E67B15 /* Build configuration list for PBXNativeTarget "TimerExtraUITests" */;
			buildPhases = (
				C3BB2BF82897F31F00E67B15 /* Sources */,
				C3BB2BF92897F31F00E67B15 /* Frameworks */,
				C3BB2BFA2897F31F00E67B15 /* Resources */,
			);
			buildRules = (
			);
			dependencies = (
				C3BB2BFE2897F31F00E67B15 /* PBXTargetDependency */,
			);
			name = TimerExtraUITests;
			productName = TimerExtraUITests;
			productReference = C3BB2BFC2897F31F00E67B15 /* TimerExtraUITests.xctest */;
			productType = "com.apple.product-type.bundle.ui-testing";
		};
/* End PBXNativeTarget section */

/* Begin PBXProject section */
		C3BB2BDA2897F31900E67B15 /* Project object */ = {
			isa = PBXProject;
			attributes = {
				BuildIndependentTargetsInParallel = 1;
				LastSwiftUpdateCheck = 1340;
				LastUpgradeCheck = 1340;
				TargetAttributes = {
					C3BB2BE12897F31900E67B15 = {
						CreatedOnToolsVersion = 13.4;
					};
					C3BB2BF12897F31F00E67B15 = {
						CreatedOnToolsVersion = 13.4;
						TestTargetID = C3BB2BE12897F31900E67B15;
					};
					C3BB2BFB2897F31F00E67B15 = {
						CreatedOnToolsVersion = 13.4;
						TestTargetID = C3BB2BE12897F31900E67B15;
					};
				};
			};
			buildConfigurationList = C3BB2BDD2897F31900E67B15 /* Build configuration list for PBXProject "TimerExtra" */;
			compatibilityVersion = "Xcode 13.0";
			developmentRegion = en;
			hasScannedForEncodings = 0;
			knownRegions = (
				en,
				Base,
			);
			mainGroup = C3BB2BD92897F31900E67B15;
			productRefGroup = C3BB2BE32897F31900E67B15 /* Products */;
			projectDirPath = "";
			projectRoot = "";
			targets = (
				C3BB2BE12897F31900E67B15 /* TimerExtra */,
				C3BB2BF12897F31F00E67B15 /* TimerExtraTests */,
				C3BB2BFB2897F31F00E67B15 /* TimerExtraUITests */,
			);
		};
/* End PBXProject section */

/* Begin PBXResourcesBuildPhase section */
		C3BB2BE02897F31900E67B15 /* Resources */ = {
			isa = PBXResourcesBuildPhase;
			buildActionMask = 2147483647;
			files = (
				C3BB2BED2897F31E00E67B15 /* Preview Assets.xcassets in Resources */,
				C3BB2BEA2897F31E00E67B15 /* Assets.xcassets in Resources */,
			);
			runOnlyForDeploymentPostprocessing = 0;
		};
		C3BB2BF02897F31F00E67B15 /* Resources */ = {
			isa = PBXResourcesBuildPhase;
			buildActionMask = 2147483647;
			files = (
			);
			runOnlyForDeploymentPostprocessing = 0;
		};
		C3BB2BFA2897F31F00E67B15 /* Resources */ = {
			isa = PBXResourcesBuildPhase;
			buildActionMask = 2147483647;
			files = (
			);
			runOnlyForDeploymentPostprocessing = 0;
		};
/* End PBXResourcesBuildPhase section */

/* Begin PBXSourcesBuildPhase section */
		C3BB2BDE2897F31900E67B15 /* Sources */ = {
			isa = PBXSourcesBuildPhase;
			buildActionMask = 2147483647;
			files = (
				C39B7DC5289ACB2A00F29BFF /* Date+TimeString.swift in Sources */,
				C39B7DC7289AE3C700F29BFF /* TimerCountRowView.swift in Sources */,
				C39B7DBC28995E6600F29BFF /* TimeInterval+String.swift in Sources */,
				C39B7DB928994A1900F29BFF /* TimersViewModel.swift in Sources */,
				C39B7DB528993ABA00F29BFF /* AddStartTimeButton.swift in Sources */,
				C39B7DBE2899A0CB00F29BFF /* NotificationManager.swift in Sources */,
				C39B7DC3289A95D600F29BFF /* TimerCount.swift in Sources */,
				C39B7DB3289933B000F29BFF /* MainView.swift in Sources */,
				C3BB2BE62897F31900E67B15 /* TimerExtraApp.swift in Sources */,
			);
			runOnlyForDeploymentPostprocessing = 0;
		};
		C3BB2BEE2897F31F00E67B15 /* Sources */ = {
			isa = PBXSourcesBuildPhase;
			buildActionMask = 2147483647;
			files = (
				C3BB2BF72897F31F00E67B15 /* TimerExtraTests.swift in Sources */,
			);
			runOnlyForDeploymentPostprocessing = 0;
		};
		C3BB2BF82897F31F00E67B15 /* Sources */ = {
			isa = PBXSourcesBuildPhase;
			buildActionMask = 2147483647;
			files = (
				C3BB2C012897F31F00E67B15 /* TimerExtraUITests.swift in Sources */,
				C3BB2C032897F31F00E67B15 /* TimerExtraUITestsLaunchTests.swift in Sources */,
			);
			runOnlyForDeploymentPostprocessing = 0;
		};
/* End PBXSourcesBuildPhase section */

/* Begin PBXTargetDependency section */
		C3BB2BF42897F31F00E67B15 /* PBXTargetDependency */ = {
			isa = PBXTargetDependency;
			target = C3BB2BE12897F31900E67B15 /* TimerExtra */;
			targetProxy = C3BB2BF32897F31F00E67B15 /* PBXContainerItemProxy */;
		};
		C3BB2BFE2897F31F00E67B15 /* PBXTargetDependency */ = {
			isa = PBXTargetDependency;
			target = C3BB2BE12897F31900E67B15 /* TimerExtra */;
			targetProxy = C3BB2BFD2897F31F00E67B15 /* PBXContainerItemProxy */;
		};
/* End PBXTargetDependency section */

/* Begin XCBuildConfiguration section */
		C3BB2C042897F31F00E67B15 /* Debug */ = {
			isa = XCBuildConfiguration;
			buildSettings = {
				ALWAYS_SEARCH_USER_PATHS = NO;
				CLANG_ANALYZER_NONNULL = YES;
				CLANG_ANALYZER_NUMBER_OBJECT_CONVERSION = YES_AGGRESSIVE;
				CLANG_CXX_LANGUAGE_STANDARD = "gnu++17";
				CLANG_ENABLE_MODULES = YES;
				CLANG_ENABLE_OBJC_ARC = YES;
				CLANG_ENABLE_OBJC_WEAK = YES;
				CLANG_WARN_BLOCK_CAPTURE_AUTORELEASING = YES;
				CLANG_WARN_BOOL_CONVERSION = YES;
				CLANG_WARN_COMMA = YES;
				CLANG_WARN_CONSTANT_CONVERSION = YES;
				CLANG_WARN_DEPRECATED_OBJC_IMPLEMENTATIONS = YES;
				CLANG_WARN_DIRECT_OBJC_ISA_USAGE = YES_ERROR;
				CLANG_WARN_DOCUMENTATION_COMMENTS = YES;
				CLANG_WARN_EMPTY_BODY = YES;
				CLANG_WARN_ENUM_CONVERSION = YES;
				CLANG_WARN_INFINITE_RECURSION = YES;
				CLANG_WARN_INT_CONVERSION = YES;
				CLANG_WARN_NON_LITERAL_NULL_CONVERSION = YES;
				CLANG_WARN_OBJC_IMPLICIT_RETAIN_SELF = YES;
				CLANG_WARN_OBJC_LITERAL_CONVERSION = YES;
				CLANG_WARN_OBJC_ROOT_CLASS = YES_ERROR;
				CLANG_WARN_QUOTED_INCLUDE_IN_FRAMEWORK_HEADER = YES;
				CLANG_WARN_RANGE_LOOP_ANALYSIS = YES;
				CLANG_WARN_STRICT_PROTOTYPES = YES;
				CLANG_WARN_SUSPICIOUS_MOVE = YES;
				CLANG_WARN_UNGUARDED_AVAILABILITY = YES_AGGRESSIVE;
				CLANG_WARN_UNREACHABLE_CODE = YES;
				CLANG_WARN__DUPLICATE_METHOD_MATCH = YES;
				COPY_PHASE_STRIP = NO;
				DEBUG_INFORMATION_FORMAT = dwarf;
				ENABLE_STRICT_OBJC_MSGSEND = YES;
				ENABLE_TESTABILITY = YES;
				GCC_C_LANGUAGE_STANDARD = gnu11;
				GCC_DYNAMIC_NO_PIC = NO;
				GCC_NO_COMMON_BLOCKS = YES;
				GCC_OPTIMIZATION_LEVEL = 0;
				GCC_PREPROCESSOR_DEFINITIONS = (
					"DEBUG=1",
					"$(inherited)",
				);
				GCC_WARN_64_TO_32_BIT_CONVERSION = YES;
				GCC_WARN_ABOUT_RETURN_TYPE = YES_ERROR;
				GCC_WARN_UNDECLARED_SELECTOR = YES;
				GCC_WARN_UNINITIALIZED_AUTOS = YES_AGGRESSIVE;
				GCC_WARN_UNUSED_FUNCTION = YES;
				GCC_WARN_UNUSED_VARIABLE = YES;
				IPHONEOS_DEPLOYMENT_TARGET = 15.0;
				MTL_ENABLE_DEBUG_INFO = INCLUDE_SOURCE;
				MTL_FAST_MATH = YES;
				ONLY_ACTIVE_ARCH = YES;
				SDKROOT = iphoneos;
				SWIFT_ACTIVE_COMPILATION_CONDITIONS = DEBUG;
				SWIFT_OPTIMIZATION_LEVEL = "-Onone";
			};
			name = Debug;
		};
		C3BB2C052897F31F00E67B15 /* Release */ = {
			isa = XCBuildConfiguration;
			buildSettings = {
				ALWAYS_SEARCH_USER_PATHS = NO;
				CLANG_ANALYZER_NONNULL = YES;
				CLANG_ANALYZER_NUMBER_OBJECT_CONVERSION = YES_AGGRESSIVE;
				CLANG_CXX_LANGUAGE_STANDARD = "gnu++17";
				CLANG_ENABLE_MODULES = YES;
				CLANG_ENABLE_OBJC_ARC = YES;
				CLANG_ENABLE_OBJC_WEAK = YES;
				CLANG_WARN_BLOCK_CAPTURE_AUTORELEASING = YES;
				CLANG_WARN_BOOL_CONVERSION = YES;
				CLANG_WARN_COMMA = YES;
				CLANG_WARN_CONSTANT_CONVERSION = YES;
				CLANG_WARN_DEPRECATED_OBJC_IMPLEMENTATIONS = YES;
				CLANG_WARN_DIRECT_OBJC_ISA_USAGE = YES_ERROR;
				CLANG_WARN_DOCUMENTATION_COMMENTS = YES;
				CLANG_WARN_EMPTY_BODY = YES;
				CLANG_WARN_ENUM_CONVERSION = YES;
				CLANG_WARN_INFINITE_RECURSION = YES;
				CLANG_WARN_INT_CONVERSION = YES;
				CLANG_WARN_NON_LITERAL_NULL_CONVERSION = YES;
				CLANG_WARN_OBJC_IMPLICIT_RETAIN_SELF = YES;
				CLANG_WARN_OBJC_LITERAL_CONVERSION = YES;
				CLANG_WARN_OBJC_ROOT_CLASS = YES_ERROR;
				CLANG_WARN_QUOTED_INCLUDE_IN_FRAMEWORK_HEADER = YES;
				CLANG_WARN_RANGE_LOOP_ANALYSIS = YES;
				CLANG_WARN_STRICT_PROTOTYPES = YES;
				CLANG_WARN_SUSPICIOUS_MOVE = YES;
				CLANG_WARN_UNGUARDED_AVAILABILITY = YES_AGGRESSIVE;
				CLANG_WARN_UNREACHABLE_CODE = YES;
				CLANG_WARN__DUPLICATE_METHOD_MATCH = YES;
				COPY_PHASE_STRIP = NO;
				DEBUG_INFORMATION_FORMAT = "dwarf-with-dsym";
				ENABLE_NS_ASSERTIONS = NO;
				ENABLE_STRICT_OBJC_MSGSEND = YES;
				GCC_C_LANGUAGE_STANDARD = gnu11;
				GCC_NO_COMMON_BLOCKS = YES;
				GCC_WARN_64_TO_32_BIT_CONVERSION = YES;
				GCC_WARN_ABOUT_RETURN_TYPE = YES_ERROR;
				GCC_WARN_UNDECLARED_SELECTOR = YES;
				GCC_WARN_UNINITIALIZED_AUTOS = YES_AGGRESSIVE;
				GCC_WARN_UNUSED_FUNCTION = YES;
				GCC_WARN_UNUSED_VARIABLE = YES;
				IPHONEOS_DEPLOYMENT_TARGET = 15.0;
				MTL_ENABLE_DEBUG_INFO = NO;
				MTL_FAST_MATH = YES;
				SDKROOT = iphoneos;
				SWIFT_COMPILATION_MODE = wholemodule;
				SWIFT_OPTIMIZATION_LEVEL = "-O";
				VALIDATE_PRODUCT = YES;
			};
			name = Release;
		};
		C3BB2C072897F31F00E67B15 /* Debug */ = {
			isa = XCBuildConfiguration;
			buildSettings = {
				ASSETCATALOG_COMPILER_APPICON_NAME = AppIcon;
				ASSETCATALOG_COMPILER_GLOBAL_ACCENT_COLOR_NAME = AccentColor;
				CODE_SIGN_IDENTITY = "Apple Development: Carl Chung (9RE9826PD6)";
				CODE_SIGN_STYLE = Manual;
				CURRENT_PROJECT_VERSION = 3;
				DEVELOPMENT_ASSET_PATHS = "\"TimerExtra/Preview Content\"";
				DEVELOPMENT_TEAM = RD3CFK5ED5;
				ENABLE_PREVIEWS = YES;
				GENERATE_INFOPLIST_FILE = YES;
				INFOPLIST_FILE = TimerExtra/Info.plist;
				INFOPLIST_KEY_LSApplicationCategoryType = "";
				INFOPLIST_KEY_UIApplicationSupportsIndirectInputEvents = YES;
				INFOPLIST_KEY_UILaunchScreen_Generation = YES;
				INFOPLIST_KEY_UISupportedInterfaceOrientations = UIInterfaceOrientationPortrait;
				INFOPLIST_KEY_UISupportedInterfaceOrientations_iPad = "UIInterfaceOrientationPortrait UIInterfaceOrientationPortraitUpsideDown UIInterfaceOrientationLandscapeLeft UIInterfaceOrientationLandscapeRight";
				INFOPLIST_KEY_UISupportedInterfaceOrientations_iPhone = UIInterfaceOrientationPortrait;
				INFOPLIST_KEY_UIUserInterfaceStyle = Light;
				LD_RUNPATH_SEARCH_PATHS = (
					"$(inherited)",
					"@executable_path/Frameworks",
				);
				MARKETING_VERSION = 1.0;
				PRODUCT_BUNDLE_IDENTIFIER = com.carlchung.timerextra;
				PRODUCT_NAME = "$(TARGET_NAME)";
				PROVISIONING_PROFILE_SPECIFIER = "TimerExtra iOS Development Provisioning Profile";
				SWIFT_EMIT_LOC_STRINGS = YES;
				SWIFT_VERSION = 5.0;
				TARGETED_DEVICE_FAMILY = "1,2";
			};
			name = Debug;
		};
		C3BB2C082897F31F00E67B15 /* Release */ = {
			isa = XCBuildConfiguration;
			buildSettings = {
				ASSETCATALOG_COMPILER_APPICON_NAME = AppIcon;
				ASSETCATALOG_COMPILER_GLOBAL_ACCENT_COLOR_NAME = AccentColor;
				CODE_SIGN_IDENTITY = "iPhone Distribution";
				CODE_SIGN_STYLE = Manual;
				CURRENT_PROJECT_VERSION = 3;
				DEVELOPMENT_ASSET_PATHS = "\"TimerExtra/Preview Content\"";
				DEVELOPMENT_TEAM = RD3CFK5ED5;
				ENABLE_PREVIEWS = YES;
				GENERATE_INFOPLIST_FILE = YES;
				INFOPLIST_FILE = TimerExtra/Info.plist;
				INFOPLIST_KEY_LSApplicationCategoryType = "";
				INFOPLIST_KEY_UIApplicationSupportsIndirectInputEvents = YES;
				INFOPLIST_KEY_UILaunchScreen_Generation = YES;
				INFOPLIST_KEY_UISupportedInterfaceOrientations = UIInterfaceOrientationPortrait;
				INFOPLIST_KEY_UISupportedInterfaceOrientations_iPad = "UIInterfaceOrientationPortrait UIInterfaceOrientationPortraitUpsideDown UIInterfaceOrientationLandscapeLeft UIInterfaceOrientationLandscapeRight";
				INFOPLIST_KEY_UISupportedInterfaceOrientations_iPhone = UIInterfaceOrientationPortrait;
				INFOPLIST_KEY_UIUserInterfaceStyle = Light;
				LD_RUNPATH_SEARCH_PATHS = (
					"$(inherited)",
					"@executable_path/Frameworks",
				);
				MARKETING_VERSION = 1.0;
				PRODUCT_BUNDLE_IDENTIFIER = com.carlchung.timerextra;
				PRODUCT_NAME = "$(TARGET_NAME)";
				PROVISIONING_PROFILE_SPECIFIER = "Timer Extra iOS Distribution Provisioning Profile";
				SWIFT_EMIT_LOC_STRINGS = YES;
				SWIFT_VERSION = 5.0;
				TARGETED_DEVICE_FAMILY = "1,2";
			};
			name = Release;
		};
		C3BB2C0A2897F31F00E67B15 /* Debug */ = {
			isa = XCBuildConfiguration;
			buildSettings = {
				ALWAYS_EMBED_SWIFT_STANDARD_LIBRARIES = YES;
				BUNDLE_LOADER = "$(TEST_HOST)";
				CODE_SIGN_STYLE = Automatic;
				CURRENT_PROJECT_VERSION = 1;
				DEVELOPMENT_TEAM = YCB3MU8QJY;
				GENERATE_INFOPLIST_FILE = YES;
				IPHONEOS_DEPLOYMENT_TARGET = 15.5;
				MARKETING_VERSION = 1.0;
				PRODUCT_BUNDLE_IDENTIFIER = carlchung.TimerExtraTests;
				PRODUCT_NAME = "$(TARGET_NAME)";
				SWIFT_EMIT_LOC_STRINGS = NO;
				SWIFT_VERSION = 5.0;
				TARGETED_DEVICE_FAMILY = "1,2";
				TEST_HOST = "$(BUILT_PRODUCTS_DIR)/TimerExtra.app/TimerExtra";
			};
			name = Debug;
		};
		C3BB2C0B2897F31F00E67B15 /* Release */ = {
			isa = XCBuildConfiguration;
			buildSettings = {
				ALWAYS_EMBED_SWIFT_STANDARD_LIBRARIES = YES;
				BUNDLE_LOADER = "$(TEST_HOST)";
				CODE_SIGN_STYLE = Automatic;
				CURRENT_PROJECT_VERSION = 1;
				DEVELOPMENT_TEAM = YCB3MU8QJY;
				GENERATE_INFOPLIST_FILE = YES;
				IPHONEOS_DEPLOYMENT_TARGET = 15.5;
				MARKETING_VERSION = 1.0;
				PRODUCT_BUNDLE_IDENTIFIER = carlchung.TimerExtraTests;
				PRODUCT_NAME = "$(TARGET_NAME)";
				SWIFT_EMIT_LOC_STRINGS = NO;
				SWIFT_VERSION = 5.0;
				TARGETED_DEVICE_FAMILY = "1,2";
				TEST_HOST = "$(BUILT_PRODUCTS_DIR)/TimerExtra.app/TimerExtra";
			};
			name = Release;
		};
		C3BB2C0D2897F31F00E67B15 /* Debug */ = {
			isa = XCBuildConfiguration;
			buildSettings = {
				ALWAYS_EMBED_SWIFT_STANDARD_LIBRARIES = YES;
				CODE_SIGN_STYLE = Automatic;
				CURRENT_PROJECT_VERSION = 1;
				DEVELOPMENT_TEAM = YCB3MU8QJY;
				GENERATE_INFOPLIST_FILE = YES;
				MARKETING_VERSION = 1.0;
				PRODUCT_BUNDLE_IDENTIFIER = carlchung.TimerExtraUITests;
				PRODUCT_NAME = "$(TARGET_NAME)";
				SWIFT_EMIT_LOC_STRINGS = NO;
				SWIFT_VERSION = 5.0;
				TARGETED_DEVICE_FAMILY = "1,2";
				TEST_TARGET_NAME = TimerExtra;
			};
			name = Debug;
		};
		C3BB2C0E2897F31F00E67B15 /* Release */ = {
			isa = XCBuildConfiguration;
			buildSettings = {
				ALWAYS_EMBED_SWIFT_STANDARD_LIBRARIES = YES;
				CODE_SIGN_STYLE = Automatic;
				CURRENT_PROJECT_VERSION = 1;
				DEVELOPMENT_TEAM = YCB3MU8QJY;
				GENERATE_INFOPLIST_FILE = YES;
				MARKETING_VERSION = 1.0;
				PRODUCT_BUNDLE_IDENTIFIER = carlchung.TimerExtraUITests;
				PRODUCT_NAME = "$(TARGET_NAME)";
				SWIFT_EMIT_LOC_STRINGS = NO;
				SWIFT_VERSION = 5.0;
				TARGETED_DEVICE_FAMILY = "1,2";
				TEST_TARGET_NAME = TimerExtra;
			};
			name = Release;
		};
/* End XCBuildConfiguration section */

/* Begin XCConfigurationList section */
		C3BB2BDD2897F31900E67B15 /* Build configuration list for PBXProject "TimerExtra" */ = {
			isa = XCConfigurationList;
			buildConfigurations = (
				C3BB2C042897F31F00E67B15 /* Debug */,
				C3BB2C052897F31F00E67B15 /* Release */,
			);
			defaultConfigurationIsVisible = 0;
			defaultConfigurationName = Release;
		};
		C3BB2C062897F31F00E67B15 /* Build configuration list for PBXNativeTarget "TimerExtra" */ = {
			isa = XCConfigurationList;
			buildConfigurations = (
				C3BB2C072897F31F00E67B15 /* Debug */,
				C3BB2C082897F31F00E67B15 /* Release */,
			);
			defaultConfigurationIsVisible = 0;
			defaultConfigurationName = Release;
		};
		C3BB2C092897F31F00E67B15 /* Build configuration list for PBXNativeTarget "TimerExtraTests" */ = {
			isa = XCConfigurationList;
			buildConfigurations = (
				C3BB2C0A2897F31F00E67B15 /* Debug */,
				C3BB2C0B2897F31F00E67B15 /* Release */,
			);
			defaultConfigurationIsVisible = 0;
			defaultConfigurationName = Release;
		};
		C3BB2C0C2897F31F00E67B15 /* Build configuration list for PBXNativeTarget "TimerExtraUITests" */ = {
			isa = XCConfigurationList;
			buildConfigurations = (
				C3BB2C0D2897F31F00E67B15 /* Debug */,
				C3BB2C0E2897F31F00E67B15 /* Release */,
			);
			defaultConfigurationIsVisible = 0;
			defaultConfigurationName = Release;
		};
/* End XCConfigurationList section */
	};
	rootObject = C3BB2BDA2897F31900E67B15 /* Project object */;
}
